# This file is generated by running "yarn install" inside your project.
# Manual changes might be lost - proceed with caution!

babel-loader@^8.2.2:
  version "8.2.2"
  resolved "https://registry.yarnpkg.com/babel-loader/-/babel-loader-8.2.2.tgz#..."
  integrity sha512-...
  dependencies:
    find-cache-dir "^3.3.1"
    loader-utils "^2.0.0"
    mkdirp "^1.0.4"
    pify "^5.0.0"
